
Microsoft Visual Studio Solution File, Format Version 12.00
# Visual Studio Version 16
VisualStudioVersion = 16.0.30804.86
MinimumVisualStudioVersion = 10.0.40219.1
Project("{FAE04EC0-301F-11D3-BF4B-00C04F79EFBC}") = "MyWebApp", "MyWebApp\MyWebApp.csproj", "{A1067177-14FB-4B23-A69E-FB7BAB6DD14C}"
EndProject
Global
	GlobalSection(SolutionConfigurationPlatforms) = preSolution
		Debug|Any CPU = Debug|Any CPU
		Release|Any CPU = Release|Any CPU
	EndGlobalSection
	GlobalSection(ProjectConfigurationPlatforms) = postSolution
		{A1067177-14FB-4B23-A69E-FB7BAB6DD14C}.Debug|Any CPU.ActiveCfg = Debug|Any CPU
		{A1067177-14FB-4B23-A69E-FB7BAB6DD14C}.Debug|Any CPU.Build.0 = Debug|Any CPU
		{A1067177-14FB-4B23-A69E-FB7BAB6DD14C}.Release|Any CPU.ActiveCfg = Release|Any CPU
		{A1067177-14FB-4B23-A69E-FB7BAB6DD14C}.Release|Any CPU.Build.0 = Release|Any CPU
	EndGlobalSection
	GlobalSection(SolutionProperties) = preSolution
		HideSolutionNode = FALSE
	EndGlobalSection
	GlobalSection(ExtensibilityGlobals) = postSolution
		SolutionGuid = {8DE3B84F-CC65-4A30-9EF9-8A8F6B2C967F}
	EndGlobalSection
EndGlobal
